// !$*UTF8*$!
{
	archiveVersion = 1;
	classes = {
	};
	objectVersion = 55;
	objects = {

/* Begin PBXBuildFile section */
		9389ACEC27B4F0B50098382E /* QuoteCell.swift in Sources */ = {isa = PBXBuildFile; fileRef = 9389ACEB27B4F0B50098382E /* QuoteCell.swift */; };
		9389ACEE27B4F0C70098382E /* ParagraphCell.swift in Sources */ = {isa = PBXBuildFile; fileRef = 9389ACED27B4F0C70098382E /* ParagraphCell.swift */; };
		9389ACF027B4F0DF0098382E /* ImageCell.swift in Sources */ = {isa = PBXBuildFile; fileRef = 9389ACEF27B4F0DF0098382E /* ImageCell.swift */; };
		9389ACF227B4F0F10098382E /* HeadingCell.swift in Sources */ = {isa = PBXBuildFile; fileRef = 9389ACF127B4F0F10098382E /* HeadingCell.swift */; };
		9389ACF427B4F10C0098382E /* UITableViewCell+ReuseIdentifier.swift in Sources */ = {isa = PBXBuildFile; fileRef = 9389ACF327B4F10C0098382E /* UITableViewCell+ReuseIdentifier.swift */; };
		9389ACF627B4F12E0098382E /* UIImageView+RemoteImageFromURL.swift in Sources */ = {isa = PBXBuildFile; fileRef = 9389ACF527B4F12E0098382E /* UIImageView+RemoteImageFromURL.swift */; };
		9389ACF827B4F15E0098382E /* Heading.swift in Sources */ = {isa = PBXBuildFile; fileRef = 9389ACF727B4F15E0098382E /* Heading.swift */; };
		9389ACFA27B4F16F0098382E /* Paragraph.swift in Sources */ = {isa = PBXBuildFile; fileRef = 9389ACF927B4F16F0098382E /* Paragraph.swift */; };
		9389ACFC27B4F17D0098382E /* Image.swift in Sources */ = {isa = PBXBuildFile; fileRef = 9389ACFB27B4F17D0098382E /* Image.swift */; };
		9389ACFE27B4F18B0098382E /* Quote.swift in Sources */ = {isa = PBXBuildFile; fileRef = 9389ACFD27B4F18B0098382E /* Quote.swift */; };
		9389AD0027B4F19D0098382E /* Result.swift in Sources */ = {isa = PBXBuildFile; fileRef = 9389ACFF27B4F19D0098382E /* Result.swift */; };
		93A34B082761A19700E93245 /* Article.json in Resources */ = {isa = PBXBuildFile; fileRef = 93A34B072761A19700E93245 /* Article.json */; };
		93E6525A276150AE00922CDD /* AppDelegate.swift in Sources */ = {isa = PBXBuildFile; fileRef = 93E65259276150AE00922CDD /* AppDelegate.swift */; };
		93E6525C276150AE00922CDD /* SceneDelegate.swift in Sources */ = {isa = PBXBuildFile; fileRef = 93E6525B276150AE00922CDD /* SceneDelegate.swift */; };
		93E6525E276150AE00922CDD /* ViewController.swift in Sources */ = {isa = PBXBuildFile; fileRef = 93E6525D276150AE00922CDD /* ViewController.swift */; };
		93E65261276150AE00922CDD /* Main.storyboard in Resources */ = {isa = PBXBuildFile; fileRef = 93E6525F276150AE00922CDD /* Main.storyboard */; };
		93E65263276150B100922CDD /* Assets.xcassets in Resources */ = {isa = PBXBuildFile; fileRef = 93E65262276150B100922CDD /* Assets.xcassets */; };
		93E65266276150B100922CDD /* LaunchScreen.storyboard in Resources */ = {isa = PBXBuildFile; fileRef = 93E65264276150B100922CDD /* LaunchScreen.storyboard */; };
/* End PBXBuildFile section */

/* Begin PBXFileReference section */
		9389ACEB27B4F0B50098382E /* QuoteCell.swift */ = {isa = PBXFileReference; lastKnownFileType = sourcecode.swift; path = QuoteCell.swift; sourceTree = "<group>"; };
		9389ACED27B4F0C70098382E /* ParagraphCell.swift */ = {isa = PBXFileReference; lastKnownFileType = sourcecode.swift; path = ParagraphCell.swift; sourceTree = "<group>"; };
		9389ACEF27B4F0DF0098382E /* ImageCell.swift */ = {isa = PBXFileReference; lastKnownFileType = sourcecode.swift; path = ImageCell.swift; sourceTree = "<group>"; };
		9389ACF127B4F0F10098382E /* HeadingCell.swift */ = {isa = PBXFileReference; lastKnownFileType = sourcecode.swift; path = HeadingCell.swift; sourceTree = "<group>"; };
		9389ACF327B4F10C0098382E /* UITableViewCell+ReuseIdentifier.swift */ = {isa = PBXFileReference; lastKnownFileType = sourcecode.swift; path = "UITableViewCell+ReuseIdentifier.swift"; sourceTree = "<group>"; };
		9389ACF527B4F12E0098382E /* UIImageView+RemoteImageFromURL.swift */ = {isa = PBXFileReference; lastKnownFileType = sourcecode.swift; path = "UIImageView+RemoteImageFromURL.swift"; sourceTree = "<group>"; };
		9389ACF727B4F15E0098382E /* Heading.swift */ = {isa = PBXFileReference; lastKnownFileType = sourcecode.swift; path = Heading.swift; sourceTree = "<group>"; };
		9389ACF927B4F16F0098382E /* Paragraph.swift */ = {isa = PBXFileReference; lastKnownFileType = sourcecode.swift; path = Paragraph.swift; sourceTree = "<group>"; };
		9389ACFB27B4F17D0098382E /* Image.swift */ = {isa = PBXFileReference; lastKnownFileType = sourcecode.swift; path = Image.swift; sourceTree = "<group>"; };
		9389ACFD27B4F18B0098382E /* Quote.swift */ = {isa = PBXFileReference; lastKnownFileType = sourcecode.swift; path = Quote.swift; sourceTree = "<group>"; };
		9389ACFF27B4F19D0098382E /* Result.swift */ = {isa = PBXFileReference; lastKnownFileType = sourcecode.swift; path = Result.swift; sourceTree = "<group>"; };
		93A34B072761A19700E93245 /* Article.json */ = {isa = PBXFileReference; lastKnownFileType = text.json; path = Article.json; sourceTree = "<group>"; };
		93E65256276150AE00922CDD /* Article.app */ = {isa = PBXFileReference; explicitFileType = wrapper.application; includeInIndex = 0; path = Article.app; sourceTree = BUILT_PRODUCTS_DIR; };
		93E65259276150AE00922CDD /* AppDelegate.swift */ = {isa = PBXFileReference; lastKnownFileType = sourcecode.swift; path = AppDelegate.swift; sourceTree = "<group>"; };
		93E6525B276150AE00922CDD /* SceneDelegate.swift */ = {isa = PBXFileReference; lastKnownFileType = sourcecode.swift; path = SceneDelegate.swift; sourceTree = "<group>"; };
		93E6525D276150AE00922CDD /* ViewController.swift */ = {isa = PBXFileReference; lastKnownFileType = sourcecode.swift; path = ViewController.swift; sourceTree = "<group>"; };
		93E65260276150AE00922CDD /* Base */ = {isa = PBXFileReference; lastKnownFileType = file.storyboard; name = Base; path = Base.lproj/Main.storyboard; sourceTree = "<group>"; };
		93E65262276150B100922CDD /* Assets.xcassets */ = {isa = PBXFileReference; lastKnownFileType = folder.assetcatalog; path = Assets.xcassets; sourceTree = "<group>"; };
		93E65265276150B100922CDD /* Base */ = {isa = PBXFileReference; lastKnownFileType = file.storyboard; name = Base; path = Base.lproj/LaunchScreen.storyboard; sourceTree = "<group>"; };
		93E65267276150B100922CDD /* Info.plist */ = {isa = PBXFileReference; lastKnownFileType = text.plist.xml; path = Info.plist; sourceTree = "<group>"; };
/* End PBXFileReference section */

/* Begin PBXFrameworksBuildPhase section */
		93E65253276150AE00922CDD /* Frameworks */ = {
			isa = PBXFrameworksBuildPhase;
			buildActionMask = 2147483647;
			files = (
			);
			runOnlyForDeploymentPostprocessing = 0;
		};
/* End PBXFrameworksBuildPhase section */

/* Begin PBXGroup section */
		9389ACE927B4F07C0098382E /* Extensions */ = {
			isa = PBXGroup;
			children = (
				9389ACF327B4F10C0098382E /* UITableViewCell+ReuseIdentifier.swift */,
				9389ACF527B4F12E0098382E /* UIImageView+RemoteImageFromURL.swift */,
			);
			path = Extensions;
			sourceTree = "<group>";
		};
		9389ACEA27B4F0A60098382E /* Cells */ = {
			isa = PBXGroup;
			children = (
				9389ACEB27B4F0B50098382E /* QuoteCell.swift */,
				9389ACED27B4F0C70098382E /* ParagraphCell.swift */,
				9389ACEF27B4F0DF0098382E /* ImageCell.swift */,
				9389ACF127B4F0F10098382E /* HeadingCell.swift */,
			);
			path = Cells;
			sourceTree = "<group>";
		};
		9389AD0127B4F1AA0098382E /* Models */ = {
			isa = PBXGroup;
			children = (
				9389ACFF27B4F19D0098382E /* Result.swift */,
				9389ACFD27B4F18B0098382E /* Quote.swift */,
				9389ACFB27B4F17D0098382E /* Image.swift */,
				9389ACF727B4F15E0098382E /* Heading.swift */,
				9389ACF927B4F16F0098382E /* Paragraph.swift */,
			);
			path = Models;
			sourceTree = "<group>";
		};
		93E6524D276150AE00922CDD = {
			isa = PBXGroup;
			children = (
				93E65258276150AE00922CDD /* Article */,
				93E65257276150AE00922CDD /* Products */,
			);
			sourceTree = "<group>";
		};
		93E65257276150AE00922CDD /* Products */ = {
			isa = PBXGroup;
			children = (
				93E65256276150AE00922CDD /* Article.app */,
			);
			name = Products;
			sourceTree = "<group>";
		};
		93E65258276150AE00922CDD /* Article */ = {
			isa = PBXGroup;
			children = (
				93E65259276150AE00922CDD /* AppDelegate.swift */,
				93E6525B276150AE00922CDD /* SceneDelegate.swift */,
				93E6525D276150AE00922CDD /* ViewController.swift */,
				9389AD0127B4F1AA0098382E /* Models */,
				9389ACEA27B4F0A60098382E /* Cells */,
				9389ACE927B4F07C0098382E /* Extensions */,
				93A34B072761A19700E93245 /* Article.json */,
				93E6525F276150AE00922CDD /* Main.storyboard */,
				93E65262276150B100922CDD /* Assets.xcassets */,
				93E65264276150B100922CDD /* LaunchScreen.storyboard */,
				93E65267276150B100922CDD /* Info.plist */,
			);
			path = Article;
			sourceTree = "<group>";
		};
/* End PBXGroup section */

/* Begin PBXNativeTarget section */
		93E65255276150AE00922CDD /* Article */ = {
			isa = PBXNativeTarget;
			buildConfigurationList = 93E6526A276150B100922CDD /* Build configuration list for PBXNativeTarget "Article" */;
			buildPhases = (
				93E65252276150AE00922CDD /* Sources */,
				93E65253276150AE00922CDD /* Frameworks */,
				93E65254276150AE00922CDD /* Resources */,
			);
			buildRules = (
			);
			dependencies = (
			);
			name = Article;
			productName = Article;
			productReference = 93E65256276150AE00922CDD /* Article.app */;
			productType = "com.apple.product-type.application";
		};
/* End PBXNativeTarget section */

/* Begin PBXProject section */
		93E6524E276150AE00922CDD /* Project object */ = {
			isa = PBXProject;
			attributes = {
				BuildIndependentTargetsInParallel = 1;
				LastSwiftUpdateCheck = 1300;
				LastUpgradeCheck = 1300;
				TargetAttributes = {
					93E65255276150AE00922CDD = {
						CreatedOnToolsVersion = 13.0;
					};
				};
			};
			buildConfigurationList = 93E65251276150AE00922CDD /* Build configuration list for PBXProject "Article" */;
			compatibilityVersion = "Xcode 13.0";
			developmentRegion = en;
			hasScannedForEncodings = 0;
			knownRegions = (
				en,
				Base,
			);
			mainGroup = 93E6524D276150AE00922CDD;
			productRefGroup = 93E65257276150AE00922CDD /* Products */;
			projectDirPath = "";
			projectRoot = "";
			targets = (
				93E65255276150AE00922CDD /* Article */,
			);
		};
/* End PBXProject section */

/* Begin PBXResourcesBuildPhase section */
		93E65254276150AE00922CDD /* Resources */ = {
			isa = PBXResourcesBuildPhase;
			buildActionMask = 2147483647;
			files = (
				93A34B082761A19700E93245 /* Article.json in Resources */,
				93E65266276150B100922CDD /* LaunchScreen.storyboard in Resources */,
				93E65263276150B100922CDD /* Assets.xcassets in Resources */,
				93E65261276150AE00922CDD /* Main.storyboard in Resources */,
			);
			runOnlyForDeploymentPostprocessing = 0;
		};
/* End PBXResourcesBuildPhase section */

/* Begin PBXSourcesBuildPhase section */
		93E65252276150AE00922CDD /* Sources */ = {
			isa = PBXSourcesBuildPhase;
			buildActionMask = 2147483647;
			files = (
				9389ACEC27B4F0B50098382E /* QuoteCell.swift in Sources */,
				9389ACFC27B4F17D0098382E /* Image.swift in Sources */,
				93E6525E276150AE00922CDD /* ViewController.swift in Sources */,
				9389ACFA27B4F16F0098382E /* Paragraph.swift in Sources */,
				9389AD0027B4F19D0098382E /* Result.swift in Sources */,
				9389ACEE27B4F0C70098382E /* ParagraphCell.swift in Sources */,
				9389ACFE27B4F18B0098382E /* Quote.swift in Sources */,
				9389ACF427B4F10C0098382E /* UITableViewCell+ReuseIdentifier.swift in Sources */,
				9389ACF827B4F15E0098382E /* Heading.swift in Sources */,
				93E6525A276150AE00922CDD /* AppDelegate.swift in Sources */,
				9389ACF227B4F0F10098382E /* HeadingCell.swift in Sources */,
				93E6525C276150AE00922CDD /* SceneDelegate.swift in Sources */,
				9389ACF027B4F0DF0098382E /* ImageCell.swift in Sources */,
				9389ACF627B4F12E0098382E /* UIImageView+RemoteImageFromURL.swift in Sources */,
			);
			runOnlyForDeploymentPostprocessing = 0;
		};
/* End PBXSourcesBuildPhase section */

/* Begin PBXVariantGroup section */
		93E6525F276150AE00922CDD /* Main.storyboard */ = {
			isa = PBXVariantGroup;
			children = (
				93E65260276150AE00922CDD /* Base */,
			);
			name = Main.storyboard;
			sourceTree = "<group>";
		};
		93E65264276150B100922CDD /* LaunchScreen.storyboard */ = {
			isa = PBXVariantGroup;
			children = (
				93E65265276150B100922CDD /* Base */,
			);
			name = LaunchScreen.storyboard;
			sourceTree = "<group>";
		};
/* End PBXVariantGroup section */

/* Begin XCBuildConfiguration section */
		93E65268276150B100922CDD /* Debug */ = {
			isa = XCBuildConfiguration;
			buildSettings = {
				ALWAYS_SEARCH_USER_PATHS = NO;
				CLANG_ANALYZER_NONNULL = YES;
				CLANG_ANALYZER_NUMBER_OBJECT_CONVERSION = YES_AGGRESSIVE;
				CLANG_CXX_LANGUAGE_STANDARD = "gnu++17";
				CLANG_CXX_LIBRARY = "libc++";
				CLANG_ENABLE_MODULES = YES;
				CLANG_ENABLE_OBJC_ARC = YES;
				CLANG_ENABLE_OBJC_WEAK = YES;
				CLANG_WARN_BLOCK_CAPTURE_AUTORELEASING = YES;
				CLANG_WARN_BOOL_CONVERSION = YES;
				CLANG_WARN_COMMA = YES;
				CLANG_WARN_CONSTANT_CONVERSION = YES;
				CLANG_WARN_DEPRECATED_OBJC_IMPLEMENTATIONS = YES;
				CLANG_WARN_DIRECT_OBJC_ISA_USAGE = YES_ERROR;
				CLANG_WARN_DOCUMENTATION_COMMENTS = YES;
				CLANG_WARN_EMPTY_BODY = YES;
				CLANG_WARN_ENUM_CONVERSION = YES;
				CLANG_WARN_INFINITE_RECURSION = YES;
				CLANG_WARN_INT_CONVERSION = YES;
				CLANG_WARN_NON_LITERAL_NULL_CONVERSION = YES;
				CLANG_WARN_OBJC_IMPLICIT_RETAIN_SELF = YES;
				CLANG_WARN_OBJC_LITERAL_CONVERSION = YES;
				CLANG_WARN_OBJC_ROOT_CLASS = YES_ERROR;
				CLANG_WARN_QUOTED_INCLUDE_IN_FRAMEWORK_HEADER = YES;
				CLANG_WARN_RANGE_LOOP_ANALYSIS = YES;
				CLANG_WARN_STRICT_PROTOTYPES = YES;
				CLANG_WARN_SUSPICIOUS_MOVE = YES;
				CLANG_WARN_UNGUARDED_AVAILABILITY = YES_AGGRESSIVE;
				CLANG_WARN_UNREACHABLE_CODE = YES;
				CLANG_WARN__DUPLICATE_METHOD_MATCH = YES;
				COPY_PHASE_STRIP = NO;
				DEBUG_INFORMATION_FORMAT = dwarf;
				ENABLE_STRICT_OBJC_MSGSEND = YES;
				ENABLE_TESTABILITY = YES;
				GCC_C_LANGUAGE_STANDARD = gnu11;
				GCC_DYNAMIC_NO_PIC = NO;
				GCC_NO_COMMON_BLOCKS = YES;
				GCC_OPTIMIZATION_LEVEL = 0;
				GCC_PREPROCESSOR_DEFINITIONS = (
					"DEBUG=1",
					"$(inherited)",
				);
				GCC_WARN_64_TO_32_BIT_CONVERSION = YES;
				GCC_WARN_ABOUT_RETURN_TYPE = YES_ERROR;
				GCC_WARN_UNDECLARED_SELECTOR = YES;
				GCC_WARN_UNINITIALIZED_AUTOS = YES_AGGRESSIVE;
				GCC_WARN_UNUSED_FUNCTION = YES;
				GCC_WARN_UNUSED_VARIABLE = YES;
				IPHONEOS_DEPLOYMENT_TARGET = 15.0;
				MTL_ENABLE_DEBUG_INFO = INCLUDE_SOURCE;
				MTL_FAST_MATH = YES;
				ONLY_ACTIVE_ARCH = YES;
				SDKROOT = iphoneos;
				SWIFT_ACTIVE_COMPILATION_CONDITIONS = DEBUG;
				SWIFT_OPTIMIZATION_LEVEL = "-Onone";
			};
			name = Debug;
		};
		93E65269276150B100922CDD /* Release */ = {
			isa = XCBuildConfiguration;
			buildSettings = {
				ALWAYS_SEARCH_USER_PATHS = NO;
				CLANG_ANALYZER_NONNULL = YES;
				CLANG_ANALYZER_NUMBER_OBJECT_CONVERSION = YES_AGGRESSIVE;
				CLANG_CXX_LANGUAGE_STANDARD = "gnu++17";
				CLANG_CXX_LIBRARY = "libc++";
				CLANG_ENABLE_MODULES = YES;
				CLANG_ENABLE_OBJC_ARC = YES;
				CLANG_ENABLE_OBJC_WEAK = YES;
				CLANG_WARN_BLOCK_CAPTURE_AUTORELEASING = YES;
				CLANG_WARN_BOOL_CONVERSION = YES;
				CLANG_WARN_COMMA = YES;
				CLANG_WARN_CONSTANT_CONVERSION = YES;
				CLANG_WARN_DEPRECATED_OBJC_IMPLEMENTATIONS = YES;
				CLANG_WARN_DIRECT_OBJC_ISA_USAGE = YES_ERROR;
				CLANG_WARN_DOCUMENTATION_COMMENTS = YES;
				CLANG_WARN_EMPTY_BODY = YES;
				CLANG_WARN_ENUM_CONVERSION = YES;
				CLANG_WARN_INFINITE_RECURSION = YES;
				CLANG_WARN_INT_CONVERSION = YES;
				CLANG_WARN_NON_LITERAL_NULL_CONVERSION = YES;
				CLANG_WARN_OBJC_IMPLICIT_RETAIN_SELF = YES;
				CLANG_WARN_OBJC_LITERAL_CONVERSION = YES;
				CLANG_WARN_OBJC_ROOT_CLASS = YES_ERROR;
				CLANG_WARN_QUOTED_INCLUDE_IN_FRAMEWORK_HEADER = YES;
				CLANG_WARN_RANGE_LOOP_ANALYSIS = YES;
				CLANG_WARN_STRICT_PROTOTYPES = YES;
				CLANG_WARN_SUSPICIOUS_MOVE = YES;
				CLANG_WARN_UNGUARDED_AVAILABILITY = YES_AGGRESSIVE;
				CLANG_WARN_UNREACHABLE_CODE = YES;
				CLANG_WARN__DUPLICATE_METHOD_MATCH = YES;
				COPY_PHASE_STRIP = NO;
				DEBUG_INFORMATION_FORMAT = "dwarf-with-dsym";
				ENABLE_NS_ASSERTIONS = NO;
				ENABLE_STRICT_OBJC_MSGSEND = YES;
				GCC_C_LANGUAGE_STANDARD = gnu11;
				GCC_NO_COMMON_BLOCKS = YES;
				GCC_WARN_64_TO_32_BIT_CONVERSION = YES;
				GCC_WARN_ABOUT_RETURN_TYPE = YES_ERROR;
				GCC_WARN_UNDECLARED_SELECTOR = YES;
				GCC_WARN_UNINITIALIZED_AUTOS = YES_AGGRESSIVE;
				GCC_WARN_UNUSED_FUNCTION = YES;
				GCC_WARN_UNUSED_VARIABLE = YES;
				IPHONEOS_DEPLOYMENT_TARGET = 15.0;
				MTL_ENABLE_DEBUG_INFO = NO;
				MTL_FAST_MATH = YES;
				SDKROOT = iphoneos;
				SWIFT_COMPILATION_MODE = wholemodule;
				SWIFT_OPTIMIZATION_LEVEL = "-O";
				VALIDATE_PRODUCT = YES;
			};
			name = Release;
		};
		93E6526B276150B100922CDD /* Debug */ = {
			isa = XCBuildConfiguration;
			buildSettings = {
				ASSETCATALOG_COMPILER_APPICON_NAME = AppIcon;
				ASSETCATALOG_COMPILER_GLOBAL_ACCENT_COLOR_NAME = AccentColor;
				CODE_SIGN_STYLE = Automatic;
				CURRENT_PROJECT_VERSION = 1;
				DEVELOPMENT_TEAM = Q5BCLRXCBB;
				GENERATE_INFOPLIST_FILE = YES;
				INFOPLIST_FILE = Article/Info.plist;
				INFOPLIST_KEY_UIApplicationSupportsIndirectInputEvents = YES;
				INFOPLIST_KEY_UILaunchStoryboardName = LaunchScreen;
				INFOPLIST_KEY_UIMainStoryboardFile = Main;
				INFOPLIST_KEY_UISupportedInterfaceOrientations_iPad = "UIInterfaceOrientationPortrait UIInterfaceOrientationPortraitUpsideDown UIInterfaceOrientationLandscapeLeft UIInterfaceOrientationLandscapeRight";
				INFOPLIST_KEY_UISupportedInterfaceOrientations_iPhone = "UIInterfaceOrientationPortrait UIInterfaceOrientationLandscapeLeft UIInterfaceOrientationLandscapeRight";
				LD_RUNPATH_SEARCH_PATHS = (
					"$(inherited)",
					"@executable_path/Frameworks",
				);
				MARKETING_VERSION = 1.0;
				PRODUCT_BUNDLE_IDENTIFIER = com.AryamanSharda.Article;
				PRODUCT_NAME = "$(TARGET_NAME)";
				SWIFT_EMIT_LOC_STRINGS = YES;
				SWIFT_VERSION = 5.0;
				TARGETED_DEVICE_FAMILY = "1,2";
			};
			name = Debug;
		};
		93E6526C276150B100922CDD /* Release */ = {
			isa = XCBuildConfiguration;
			buildSettings = {
				ASSETCATALOG_COMPILER_APPICON_NAME = AppIcon;
				ASSETCATALOG_COMPILER_GLOBAL_ACCENT_COLOR_NAME = AccentColor;
				CODE_SIGN_STYLE = Automatic;
				CURRENT_PROJECT_VERSION = 1;
				DEVELOPMENT_TEAM = Q5BCLRXCBB;
				GENERATE_INFOPLIST_FILE = YES;
				INFOPLIST_FILE = Article/Info.plist;
				INFOPLIST_KEY_UIApplicationSupportsIndirectInputEvents = YES;
				INFOPLIST_KEY_UILaunchStoryboardName = LaunchScreen;
				INFOPLIST_KEY_UIMainStoryboardFile = Main;
				INFOPLIST_KEY_UISupportedInterfaceOrientations_iPad = "UIInterfaceOrientationPortrait UIInterfaceOrientationPortraitUpsideDown UIInterfaceOrientationLandscapeLeft UIInterfaceOrientationLandscapeRight";
				INFOPLIST_KEY_UISupportedInterfaceOrientations_iPhone = "UIInterfaceOrientationPortrait UIInterfaceOrientationLandscapeLeft UIInterfaceOrientationLandscapeRight";
				LD_RUNPATH_SEARCH_PATHS = (
					"$(inherited)",
					"@executable_path/Frameworks",
				);
				MARKETING_VERSION = 1.0;
				PRODUCT_BUNDLE_IDENTIFIER = com.AryamanSharda.Article;
				PRODUCT_NAME = "$(TARGET_NAME)";
				SWIFT_EMIT_LOC_STRINGS = YES;
				SWIFT_VERSION = 5.0;
				TARGETED_DEVICE_FAMILY = "1,2";
			};
			name = Release;
		};
/* End XCBuildConfiguration section */

/* Begin XCConfigurationList section */
		93E65251276150AE00922CDD /* Build configuration list for PBXProject "Article" */ = {
			isa = XCConfigurationList;
			buildConfigurations = (
				93E65268276150B100922CDD /* Debug */,
				93E65269276150B100922CDD /* Release */,
			);
			defaultConfigurationIsVisible = 0;
			defaultConfigurationName = Release;
		};
		93E6526A276150B100922CDD /* Build configuration list for PBXNativeTarget "Article" */ = {
			isa = XCConfigurationList;
			buildConfigurations = (
				93E6526B276150B100922CDD /* Debug */,
				93E6526C276150B100922CDD /* Release */,
			);
			defaultConfigurationIsVisible = 0;
			defaultConfigurationName = Release;
		};
/* End XCConfigurationList section */
	};
	rootObject = 93E6524E276150AE00922CDD /* Project object */;
}
